
Microsoft Visual Studio Solution File, Format Version 12.00
# Visual Studio Version 17
VisualStudioVersion = 17.3.32819.101
MinimumVisualStudioVersion = 10.0.40219.1
Project("{FAE04EC0-301F-11D3-BF4B-00C04F79EFBC}") = "Vtitbid.ISP20.Luk.GetPR", "Vtitbid.ISP20.Luk.GetPR.csproj", "{5E82A336-AEF3-430C-A722-6D565DD52FD1}"
EndProject
Global
	GlobalSection(SolutionConfigurationPlatforms) = preSolution
		Debug|Any CPU = Debug|Any CPU
		Release|Any CPU = Release|Any CPU
	EndGlobalSection
	GlobalSection(ProjectConfigurationPlatforms) = postSolution
		{5E82A336-AEF3-430C-A722-6D565DD52FD1}.Debug|Any CPU.ActiveCfg = Debug|Any CPU
		{5E82A336-AEF3-430C-A722-6D565DD52FD1}.Debug|Any CPU.Build.0 = Debug|Any CPU
		{5E82A336-AEF3-430C-A722-6D565DD52FD1}.Release|Any CPU.ActiveCfg = Release|Any CPU
		{5E82A336-AEF3-430C-A722-6D565DD52FD1}.Release|Any CPU.Build.0 = Release|Any CPU
	EndGlobalSection
	GlobalSection(SolutionProperties) = preSolution
		HideSolutionNode = FALSE
	EndGlobalSection
	GlobalSection(ExtensibilityGlobals) = postSolution
		SolutionGuid = {AD75BF59-55AD-4CED-9469-BC500F1932D5}
	EndGlobalSection
EndGlobal
