
Microsoft Visual Studio Solution File, Format Version 12.00
# Visual Studio Version 17
VisualStudioVersion = 17.1.32414.318
MinimumVisualStudioVersion = 10.0.40219.1
Project("{9A19103F-16F7-4668-BE54-9A1E7A4F7556}") = "Vtitbid.ISP20.Users.TRPO1", "Vtitbid.ISP20.Users.inc.Note\Vtitbid.ISP20.Users.TRPO1.csproj", "{2629168A-6D60-4F1E-880A-20B5F9AEEB3D}"
EndProject
Global
	GlobalSection(SolutionConfigurationPlatforms) = preSolution
		Debug|Any CPU = Debug|Any CPU
		Release|Any CPU = Release|Any CPU
	EndGlobalSection
	GlobalSection(ProjectConfigurationPlatforms) = postSolution
		{2629168A-6D60-4F1E-880A-20B5F9AEEB3D}.Debug|Any CPU.ActiveCfg = Debug|Any CPU
		{2629168A-6D60-4F1E-880A-20B5F9AEEB3D}.Debug|Any CPU.Build.0 = Debug|Any CPU
		{2629168A-6D60-4F1E-880A-20B5F9AEEB3D}.Release|Any CPU.ActiveCfg = Release|Any CPU
		{2629168A-6D60-4F1E-880A-20B5F9AEEB3D}.Release|Any CPU.Build.0 = Release|Any CPU
	EndGlobalSection
	GlobalSection(SolutionProperties) = preSolution
		HideSolutionNode = FALSE
	EndGlobalSection
	GlobalSection(ExtensibilityGlobals) = postSolution
		SolutionGuid = {12E97DBD-5BFA-414A-BC72-562F12709BFC}
	EndGlobalSection
EndGlobal
