
Microsoft Visual Studio Solution File, Format Version 12.00
# Visual Studio Version 17
VisualStudioVersion = 17.1.32414.318
MinimumVisualStudioVersion = 10.0.40219.1
Project("{FAE04EC0-301F-11D3-BF4B-00C04F79EFBC}") = "Vtitbid.ISP20.Users.inc.Bill", "Vtitbid.ISP20.Users.inc.Bill\Vtitbid.ISP20.Users.inc.Bill.csproj", "{722DDFA1-8CE8-4965-A243-AFA6598F65EF}"
EndProject
Global
	GlobalSection(SolutionConfigurationPlatforms) = preSolution
		Debug|Any CPU = Debug|Any CPU
		Release|Any CPU = Release|Any CPU
	EndGlobalSection
	GlobalSection(ProjectConfigurationPlatforms) = postSolution
		{722DDFA1-8CE8-4965-A243-AFA6598F65EF}.Debug|Any CPU.ActiveCfg = Debug|Any CPU
		{722DDFA1-8CE8-4965-A243-AFA6598F65EF}.Debug|Any CPU.Build.0 = Debug|Any CPU
		{722DDFA1-8CE8-4965-A243-AFA6598F65EF}.Release|Any CPU.ActiveCfg = Release|Any CPU
		{722DDFA1-8CE8-4965-A243-AFA6598F65EF}.Release|Any CPU.Build.0 = Release|Any CPU
	EndGlobalSection
	GlobalSection(SolutionProperties) = preSolution
		HideSolutionNode = FALSE
	EndGlobalSection
	GlobalSection(ExtensibilityGlobals) = postSolution
		SolutionGuid = {E6FF8C17-1CFF-4848-8AD5-4B11B94544F0}
	EndGlobalSection
EndGlobal
