
Microsoft Visual Studio Solution File, Format Version 12.00
# Visual Studio Version 17
VisualStudioVersion = 17.1.32414.318
MinimumVisualStudioVersion = 10.0.40219.1
Project("{9A19103F-16F7-4668-BE54-9A1E7A4F7556}") = "Vtitbid.ISP20.Users.inc.Zodiac", "Vtitbid.ISP20.Users.inc\Vtitbid.ISP20.Users.inc.Zodiac.csproj", "{74572008-0683-4CF4-820B-8854231BDC76}"
EndProject
Project("{FAE04EC0-301F-11D3-BF4B-00C04F79EFBC}") = "Vtitbid.ISP20.Users.inc.Route", "Vtitbid.ISP20.Users.inc.Route\Vtitbid.ISP20.Users.inc.Route.csproj", "{9CB9E704-2E62-4495-AA48-A6B4AF43648E}"
EndProject
Global
	GlobalSection(SolutionConfigurationPlatforms) = preSolution
		Debug|Any CPU = Debug|Any CPU
		Release|Any CPU = Release|Any CPU
	EndGlobalSection
	GlobalSection(ProjectConfigurationPlatforms) = postSolution
		{74572008-0683-4CF4-820B-8854231BDC76}.Debug|Any CPU.ActiveCfg = Debug|Any CPU
		{74572008-0683-4CF4-820B-8854231BDC76}.Debug|Any CPU.Build.0 = Debug|Any CPU
		{74572008-0683-4CF4-820B-8854231BDC76}.Release|Any CPU.ActiveCfg = Release|Any CPU
		{74572008-0683-4CF4-820B-8854231BDC76}.Release|Any CPU.Build.0 = Release|Any CPU
		{9CB9E704-2E62-4495-AA48-A6B4AF43648E}.Debug|Any CPU.ActiveCfg = Debug|Any CPU
		{9CB9E704-2E62-4495-AA48-A6B4AF43648E}.Debug|Any CPU.Build.0 = Debug|Any CPU
		{9CB9E704-2E62-4495-AA48-A6B4AF43648E}.Release|Any CPU.ActiveCfg = Release|Any CPU
		{9CB9E704-2E62-4495-AA48-A6B4AF43648E}.Release|Any CPU.Build.0 = Release|Any CPU
	EndGlobalSection
	GlobalSection(SolutionProperties) = preSolution
		HideSolutionNode = FALSE
	EndGlobalSection
	GlobalSection(ExtensibilityGlobals) = postSolution
		SolutionGuid = {C6046748-6130-4CF7-A304-D20219FD1191}
	EndGlobalSection
EndGlobal
